// !$*UTF8*$!
{
	archiveVersion = 1;
	classes = {
	};
	objectVersion = 46;
	objects = {

/* Begin PBXBuildFile section */
		F0541C4F1E33B3B2004E0FBB /* AppDelegate.swift in Sources */ = {isa = PBXBuildFile; fileRef = F0541C4E1E33B3B2004E0FBB /* AppDelegate.swift */; };
		F0541C511E33B3B2004E0FBB /* ViewController.swift in Sources */ = {isa = PBXBuildFile; fileRef = F0541C501E33B3B2004E0FBB /* ViewController.swift */; };
		F0541C541E33B3B2004E0FBB /* Main.storyboard in Resources */ = {isa = PBXBuildFile; fileRef = F0541C521E33B3B2004E0FBB /* Main.storyboard */; };
		F0541C561E33B3B2004E0FBB /* Assets.xcassets in Resources */ = {isa = PBXBuildFile; fileRef = F0541C551E33B3B2004E0FBB /* Assets.xcassets */; };
		F0541C591E33B3B2004E0FBB /* LaunchScreen.storyboard in Resources */ = {isa = PBXBuildFile; fileRef = F0541C571E33B3B2004E0FBB /* LaunchScreen.storyboard */; };
		F0541C641E33B3B2004E0FBB /* ScorekeeperTests.swift in Sources */ = {isa = PBXBuildFile; fileRef = F0541C631E33B3B2004E0FBB /* ScorekeeperTests.swift */; };
		F0541C6F1E33B3B2004E0FBB /* ScorekeeperUITests.swift in Sources */ = {isa = PBXBuildFile; fileRef = F0541C6E1E33B3B2004E0FBB /* ScorekeeperUITests.swift */; };
/* End PBXBuildFile section */

/* Begin PBXContainerItemProxy section */
		F0541C601E33B3B2004E0FBB /* PBXContainerItemProxy */ = {
			isa = PBXContainerItemProxy;
			containerPortal = F0541C431E33B3B1004E0FBB /* Project object */;
			proxyType = 1;
			remoteGlobalIDString = F0541C4A1E33B3B1004E0FBB;
			remoteInfo = Scorekeeper;
		};
		F0541C6B1E33B3B2004E0FBB /* PBXContainerItemProxy */ = {
			isa = PBXContainerItemProxy;
			containerPortal = F0541C431E33B3B1004E0FBB /* Project object */;
			proxyType = 1;
			remoteGlobalIDString = F0541C4A1E33B3B1004E0FBB;
			remoteInfo = Scorekeeper;
		};
/* End PBXContainerItemProxy section */

/* Begin PBXFileReference section */
		F0541C4B1E33B3B2004E0FBB /* Scorekeeper.app */ = {isa = PBXFileReference; explicitFileType = wrapper.application; includeInIndex = 0; path = Scorekeeper.app; sourceTree = BUILT_PRODUCTS_DIR; };
		F0541C4E1E33B3B2004E0FBB /* AppDelegate.swift */ = {isa = PBXFileReference; lastKnownFileType = sourcecode.swift; path = AppDelegate.swift; sourceTree = "<group>"; };
		F0541C501E33B3B2004E0FBB /* ViewController.swift */ = {isa = PBXFileReference; lastKnownFileType = sourcecode.swift; path = ViewController.swift; sourceTree = "<group>"; };
		F0541C531E33B3B2004E0FBB /* Base */ = {isa = PBXFileReference; lastKnownFileType = file.storyboard; name = Base; path = Base.lproj/Main.storyboard; sourceTree = "<group>"; };
		F0541C551E33B3B2004E0FBB /* Assets.xcassets */ = {isa = PBXFileReference; lastKnownFileType = folder.assetcatalog; path = Assets.xcassets; sourceTree = "<group>"; };
		F0541C581E33B3B2004E0FBB /* Base */ = {isa = PBXFileReference; lastKnownFileType = file.storyboard; name = Base; path = Base.lproj/LaunchScreen.storyboard; sourceTree = "<group>"; };
		F0541C5A1E33B3B2004E0FBB /* Info.plist */ = {isa = PBXFileReference; lastKnownFileType = text.plist.xml; path = Info.plist; sourceTree = "<group>"; };
		F0541C5F1E33B3B2004E0FBB /* ScorekeeperTests.xctest */ = {isa = PBXFileReference; explicitFileType = wrapper.cfbundle; includeInIndex = 0; path = ScorekeeperTests.xctest; sourceTree = BUILT_PRODUCTS_DIR; };
		F0541C631E33B3B2004E0FBB /* ScorekeeperTests.swift */ = {isa = PBXFileReference; lastKnownFileType = sourcecode.swift; path = ScorekeeperTests.swift; sourceTree = "<group>"; };
		F0541C651E33B3B2004E0FBB /* Info.plist */ = {isa = PBXFileReference; lastKnownFileType = text.plist.xml; path = Info.plist; sourceTree = "<group>"; };
		F0541C6A1E33B3B2004E0FBB /* ScorekeeperUITests.xctest */ = {isa = PBXFileReference; explicitFileType = wrapper.cfbundle; includeInIndex = 0; path = ScorekeeperUITests.xctest; sourceTree = BUILT_PRODUCTS_DIR; };
		F0541C6E1E33B3B2004E0FBB /* ScorekeeperUITests.swift */ = {isa = PBXFileReference; lastKnownFileType = sourcecode.swift; path = ScorekeeperUITests.swift; sourceTree = "<group>"; };
		F0541C701E33B3B2004E0FBB /* Info.plist */ = {isa = PBXFileReference; lastKnownFileType = text.plist.xml; path = Info.plist; sourceTree = "<group>"; };
/* End PBXFileReference section */

/* Begin PBXFrameworksBuildPhase section */
		F0541C481E33B3B1004E0FBB /* Frameworks */ = {
			isa = PBXFrameworksBuildPhase;
			buildActionMask = 2147483647;
			files = (
			);
			runOnlyForDeploymentPostprocessing = 0;
		};
		F0541C5C1E33B3B2004E0FBB /* Frameworks */ = {
			isa = PBXFrameworksBuildPhase;
			buildActionMask = 2147483647;
			files = (
			);
			runOnlyForDeploymentPostprocessing = 0;
		};
		F0541C671E33B3B2004E0FBB /* Frameworks */ = {
			isa = PBXFrameworksBuildPhase;
			buildActionMask = 2147483647;
			files = (
			);
			runOnlyForDeploymentPostprocessing = 0;
		};
/* End PBXFrameworksBuildPhase section */

/* Begin PBXGroup section */
		F0541C421E33B3B1004E0FBB = {
			isa = PBXGroup;
			children = (
				F0541C4D1E33B3B2004E0FBB /* Scorekeeper */,
				F0541C621E33B3B2004E0FBB /* ScorekeeperTests */,
				F0541C6D1E33B3B2004E0FBB /* ScorekeeperUITests */,
				F0541C4C1E33B3B2004E0FBB /* Products */,
			);
			sourceTree = "<group>";
		};
		F0541C4C1E33B3B2004E0FBB /* Products */ = {
			isa = PBXGroup;
			children = (
				F0541C4B1E33B3B2004E0FBB /* Scorekeeper.app */,
				F0541C5F1E33B3B2004E0FBB /* ScorekeeperTests.xctest */,
				F0541C6A1E33B3B2004E0FBB /* ScorekeeperUITests.xctest */,
			);
			name = Products;
			sourceTree = "<group>";
		};
		F0541C4D1E33B3B2004E0FBB /* Scorekeeper */ = {
			isa = PBXGroup;
			children = (
				F0541C4E1E33B3B2004E0FBB /* AppDelegate.swift */,
				F0541C501E33B3B2004E0FBB /* ViewController.swift */,
				F0541C521E33B3B2004E0FBB /* Main.storyboard */,
				F0541C551E33B3B2004E0FBB /* Assets.xcassets */,
				F0541C571E33B3B2004E0FBB /* LaunchScreen.storyboard */,
				F0541C5A1E33B3B2004E0FBB /* Info.plist */,
			);
			path = Scorekeeper;
			sourceTree = "<group>";
		};
		F0541C621E33B3B2004E0FBB /* ScorekeeperTests */ = {
			isa = PBXGroup;
			children = (
				F0541C631E33B3B2004E0FBB /* ScorekeeperTests.swift */,
				F0541C651E33B3B2004E0FBB /* Info.plist */,
			);
			path = ScorekeeperTests;
			sourceTree = "<group>";
		};
		F0541C6D1E33B3B2004E0FBB /* ScorekeeperUITests */ = {
			isa = PBXGroup;
			children = (
				F0541C6E1E33B3B2004E0FBB /* ScorekeeperUITests.swift */,
				F0541C701E33B3B2004E0FBB /* Info.plist */,
			);
			path = ScorekeeperUITests;
			sourceTree = "<group>";
		};
/* End PBXGroup section */

/* Begin PBXNativeTarget section */
		F0541C4A1E33B3B1004E0FBB /* Scorekeeper */ = {
			isa = PBXNativeTarget;
			buildConfigurationList = F0541C731E33B3B2004E0FBB /* Build configuration list for PBXNativeTarget "Scorekeeper" */;
			buildPhases = (
				F0541C471E33B3B1004E0FBB /* Sources */,
				F0541C481E33B3B1004E0FBB /* Frameworks */,
				F0541C491E33B3B1004E0FBB /* Resources */,
			);
			buildRules = (
			);
			dependencies = (
			);
			name = Scorekeeper;
			productName = Scorekeeper;
			productReference = F0541C4B1E33B3B2004E0FBB /* Scorekeeper.app */;
			productType = "com.apple.product-type.application";
		};
		F0541C5E1E33B3B2004E0FBB /* ScorekeeperTests */ = {
			isa = PBXNativeTarget;
			buildConfigurationList = F0541C761E33B3B2004E0FBB /* Build configuration list for PBXNativeTarget "ScorekeeperTests" */;
			buildPhases = (
				F0541C5B1E33B3B2004E0FBB /* Sources */,
				F0541C5C1E33B3B2004E0FBB /* Frameworks */,
				F0541C5D1E33B3B2004E0FBB /* Resources */,
			);
			buildRules = (
			);
			dependencies = (
				F0541C611E33B3B2004E0FBB /* PBXTargetDependency */,
			);
			name = ScorekeeperTests;
			productName = ScorekeeperTests;
			productReference = F0541C5F1E33B3B2004E0FBB /* ScorekeeperTests.xctest */;
			productType = "com.apple.product-type.bundle.unit-test";
		};
		F0541C691E33B3B2004E0FBB /* ScorekeeperUITests */ = {
			isa = PBXNativeTarget;
			buildConfigurationList = F0541C791E33B3B2004E0FBB /* Build configuration list for PBXNativeTarget "ScorekeeperUITests" */;
			buildPhases = (
				F0541C661E33B3B2004E0FBB /* Sources */,
				F0541C671E33B3B2004E0FBB /* Frameworks */,
				F0541C681E33B3B2004E0FBB /* Resources */,
			);
			buildRules = (
			);
			dependencies = (
				F0541C6C1E33B3B2004E0FBB /* PBXTargetDependency */,
			);
			name = ScorekeeperUITests;
			productName = ScorekeeperUITests;
			productReference = F0541C6A1E33B3B2004E0FBB /* ScorekeeperUITests.xctest */;
			productType = "com.apple.product-type.bundle.ui-testing";
		};
/* End PBXNativeTarget section */

/* Begin PBXProject section */
		F0541C431E33B3B1004E0FBB /* Project object */ = {
			isa = PBXProject;
			attributes = {
				LastSwiftUpdateCheck = 0820;
				LastUpgradeCheck = 0820;
				ORGANIZATIONNAME = "Shourya Khare";
				TargetAttributes = {
					F0541C4A1E33B3B1004E0FBB = {
						CreatedOnToolsVersion = 8.2.1;
						ProvisioningStyle = Automatic;
					};
					F0541C5E1E33B3B2004E0FBB = {
						CreatedOnToolsVersion = 8.2.1;
						ProvisioningStyle = Automatic;
						TestTargetID = F0541C4A1E33B3B1004E0FBB;
					};
					F0541C691E33B3B2004E0FBB = {
						CreatedOnToolsVersion = 8.2.1;
						ProvisioningStyle = Automatic;
						TestTargetID = F0541C4A1E33B3B1004E0FBB;
					};
				};
			};
			buildConfigurationList = F0541C461E33B3B1004E0FBB /* Build configuration list for PBXProject "Scorekeeper" */;
			compatibilityVersion = "Xcode 3.2";
			developmentRegion = English;
			hasScannedForEncodings = 0;
			knownRegions = (
				en,
				Base,
			);
			mainGroup = F0541C421E33B3B1004E0FBB;
			productRefGroup = F0541C4C1E33B3B2004E0FBB /* Products */;
			projectDirPath = "";
			projectRoot = "";
			targets = (
				F0541C4A1E33B3B1004E0FBB /* Scorekeeper */,
				F0541C5E1E33B3B2004E0FBB /* ScorekeeperTests */,
				F0541C691E33B3B2004E0FBB /* ScorekeeperUITests */,
			);
		};
/* End PBXProject section */

/* Begin PBXResourcesBuildPhase section */
		F0541C491E33B3B1004E0FBB /* Resources */ = {
			isa = PBXResourcesBuildPhase;
			buildActionMask = 2147483647;
			files = (
				F0541C591E33B3B2004E0FBB /* LaunchScreen.storyboard in Resources */,
				F0541C561E33B3B2004E0FBB /* Assets.xcassets in Resources */,
				F0541C541E33B3B2004E0FBB /* Main.storyboard in Resources */,
			);
			runOnlyForDeploymentPostprocessing = 0;
		};
		F0541C5D1E33B3B2004E0FBB /* Resources */ = {
			isa = PBXResourcesBuildPhase;
			buildActionMask = 2147483647;
			files = (
			);
			runOnlyForDeploymentPostprocessing = 0;
		};
		F0541C681E33B3B2004E0FBB /* Resources */ = {
			isa = PBXResourcesBuildPhase;
			buildActionMask = 2147483647;
			files = (
			);
			runOnlyForDeploymentPostprocessing = 0;
		};
/* End PBXResourcesBuildPhase section */

/* Begin PBXSourcesBuildPhase section */
		F0541C471E33B3B1004E0FBB /* Sources */ = {
			isa = PBXSourcesBuildPhase;
			buildActionMask = 2147483647;
			files = (
				F0541C511E33B3B2004E0FBB /* ViewController.swift in Sources */,
				F0541C4F1E33B3B2004E0FBB /* AppDelegate.swift in Sources */,
			);
			runOnlyForDeploymentPostprocessing = 0;
		};
		F0541C5B1E33B3B2004E0FBB /* Sources */ = {
			isa = PBXSourcesBuildPhase;
			buildActionMask = 2147483647;
			files = (
				F0541C641E33B3B2004E0FBB /* ScorekeeperTests.swift in Sources */,
			);
			runOnlyForDeploymentPostprocessing = 0;
		};
		F0541C661E33B3B2004E0FBB /* Sources */ = {
			isa = PBXSourcesBuildPhase;
			buildActionMask = 2147483647;
			files = (
				F0541C6F1E33B3B2004E0FBB /* ScorekeeperUITests.swift in Sources */,
			);
			runOnlyForDeploymentPostprocessing = 0;
		};
/* End PBXSourcesBuildPhase section */

/* Begin PBXTargetDependency section */
		F0541C611E33B3B2004E0FBB /* PBXTargetDependency */ = {
			isa = PBXTargetDependency;
			target = F0541C4A1E33B3B1004E0FBB /* Scorekeeper */;
			targetProxy = F0541C601E33B3B2004E0FBB /* PBXContainerItemProxy */;
		};
		F0541C6C1E33B3B2004E0FBB /* PBXTargetDependency */ = {
			isa = PBXTargetDependency;
			target = F0541C4A1E33B3B1004E0FBB /* Scorekeeper */;
			targetProxy = F0541C6B1E33B3B2004E0FBB /* PBXContainerItemProxy */;
		};
/* End PBXTargetDependency section */

/* Begin PBXVariantGroup section */
		F0541C521E33B3B2004E0FBB /* Main.storyboard */ = {
			isa = PBXVariantGroup;
			children = (
				F0541C531E33B3B2004E0FBB /* Base */,
			);
			name = Main.storyboard;
			sourceTree = "<group>";
		};
		F0541C571E33B3B2004E0FBB /* LaunchScreen.storyboard */ = {
			isa = PBXVariantGroup;
			children = (
				F0541C581E33B3B2004E0FBB /* Base */,
			);
			name = LaunchScreen.storyboard;
			sourceTree = "<group>";
		};
/* End PBXVariantGroup section */

/* Begin XCBuildConfiguration section */
		F0541C711E33B3B2004E0FBB /* Debug */ = {
			isa = XCBuildConfiguration;
			buildSettings = {
				ALWAYS_SEARCH_USER_PATHS = NO;
				CLANG_ANALYZER_NONNULL = YES;
				CLANG_CXX_LANGUAGE_STANDARD = "gnu++0x";
				CLANG_CXX_LIBRARY = "libc++";
				CLANG_ENABLE_MODULES = YES;
				CLANG_ENABLE_OBJC_ARC = YES;
				CLANG_WARN_BOOL_CONVERSION = YES;
				CLANG_WARN_CONSTANT_CONVERSION = YES;
				CLANG_WARN_DIRECT_OBJC_ISA_USAGE = YES_ERROR;
				CLANG_WARN_DOCUMENTATION_COMMENTS = YES;
				CLANG_WARN_EMPTY_BODY = YES;
				CLANG_WARN_ENUM_CONVERSION = YES;
				CLANG_WARN_INFINITE_RECURSION = YES;
				CLANG_WARN_INT_CONVERSION = YES;
				CLANG_WARN_OBJC_ROOT_CLASS = YES_ERROR;
				CLANG_WARN_SUSPICIOUS_MOVE = YES;
				CLANG_WARN_UNREACHABLE_CODE = YES;
				CLANG_WARN__DUPLICATE_METHOD_MATCH = YES;
				"CODE_SIGN_IDENTITY[sdk=iphoneos*]" = "iPhone Developer";
				COPY_PHASE_STRIP = NO;
				DEBUG_INFORMATION_FORMAT = dwarf;
				ENABLE_STRICT_OBJC_MSGSEND = YES;
				ENABLE_TESTABILITY = YES;
				GCC_C_LANGUAGE_STANDARD = gnu99;
				GCC_DYNAMIC_NO_PIC = NO;
				GCC_NO_COMMON_BLOCKS = YES;
				GCC_OPTIMIZATION_LEVEL = 0;
				GCC_PREPROCESSOR_DEFINITIONS = (
					"DEBUG=1",
					"$(inherited)",
				);
				GCC_WARN_64_TO_32_BIT_CONVERSION = YES;
				GCC_WARN_ABOUT_RETURN_TYPE = YES_ERROR;
				GCC_WARN_UNDECLARED_SELECTOR = YES;
				GCC_WARN_UNINITIALIZED_AUTOS = YES_AGGRESSIVE;
				GCC_WARN_UNUSED_FUNCTION = YES;
				GCC_WARN_UNUSED_VARIABLE = YES;
				IPHONEOS_DEPLOYMENT_TARGET = 10.2;
				MTL_ENABLE_DEBUG_INFO = YES;
				ONLY_ACTIVE_ARCH = YES;
				SDKROOT = iphoneos;
				SWIFT_ACTIVE_COMPILATION_CONDITIONS = DEBUG;
				SWIFT_OPTIMIZATION_LEVEL = "-Onone";
				TARGETED_DEVICE_FAMILY = "1,2";
			};
			name = Debug;
		};
		F0541C721E33B3B2004E0FBB /* Release */ = {
			isa = XCBuildConfiguration;
			buildSettings = {
				ALWAYS_SEARCH_USER_PATHS = NO;
				CLANG_ANALYZER_NONNULL = YES;
				CLANG_CXX_LANGUAGE_STANDARD = "gnu++0x";
				CLANG_CXX_LIBRARY = "libc++";
				CLANG_ENABLE_MODULES = YES;
				CLANG_ENABLE_OBJC_ARC = YES;
				CLANG_WARN_BOOL_CONVERSION = YES;
				CLANG_WARN_CONSTANT_CONVERSION = YES;
				CLANG_WARN_DIRECT_OBJC_ISA_USAGE = YES_ERROR;
				CLANG_WARN_DOCUMENTATION_COMMENTS = YES;
				CLANG_WARN_EMPTY_BODY = YES;
				CLANG_WARN_ENUM_CONVERSION = YES;
				CLANG_WARN_INFINITE_RECURSION = YES;
				CLANG_WARN_INT_CONVERSION = YES;
				CLANG_WARN_OBJC_ROOT_CLASS = YES_ERROR;
				CLANG_WARN_SUSPICIOUS_MOVE = YES;
				CLANG_WARN_UNREACHABLE_CODE = YES;
				CLANG_WARN__DUPLICATE_METHOD_MATCH = YES;
				"CODE_SIGN_IDENTITY[sdk=iphoneos*]" = "iPhone Developer";
				COPY_PHASE_STRIP = NO;
				DEBUG_INFORMATION_FORMAT = "dwarf-with-dsym";
				ENABLE_NS_ASSERTIONS = NO;
				ENABLE_STRICT_OBJC_MSGSEND = YES;
				GCC_C_LANGUAGE_STANDARD = gnu99;
				GCC_NO_COMMON_BLOCKS = YES;
				GCC_WARN_64_TO_32_BIT_CONVERSION = YES;
				GCC_WARN_ABOUT_RETURN_TYPE = YES_ERROR;
				GCC_WARN_UNDECLARED_SELECTOR = YES;
				GCC_WARN_UNINITIALIZED_AUTOS = YES_AGGRESSIVE;
				GCC_WARN_UNUSED_FUNCTION = YES;
				GCC_WARN_UNUSED_VARIABLE = YES;
				IPHONEOS_DEPLOYMENT_TARGET = 10.2;
				MTL_ENABLE_DEBUG_INFO = NO;
				SDKROOT = iphoneos;
				SWIFT_OPTIMIZATION_LEVEL = "-Owholemodule";
				TARGETED_DEVICE_FAMILY = "1,2";
				VALIDATE_PRODUCT = YES;
			};
			name = Release;
		};
		F0541C741E33B3B2004E0FBB /* Debug */ = {
			isa = XCBuildConfiguration;
			buildSettings = {
				ASSETCATALOG_COMPILER_APPICON_NAME = AppIcon;
				INFOPLIST_FILE = Scorekeeper/Info.plist;
				LD_RUNPATH_SEARCH_PATHS = "$(inherited) @executable_path/Frameworks";
				PRODUCT_BUNDLE_IDENTIFIER = SK.Scorekeeper;
				PRODUCT_NAME = "$(TARGET_NAME)";
				SWIFT_VERSION = 3.0;
			};
			name = Debug;
		};
		F0541C751E33B3B2004E0FBB /* Release */ = {
			isa = XCBuildConfiguration;
			buildSettings = {
				ASSETCATALOG_COMPILER_APPICON_NAME = AppIcon;
				INFOPLIST_FILE = Scorekeeper/Info.plist;
				LD_RUNPATH_SEARCH_PATHS = "$(inherited) @executable_path/Frameworks";
				PRODUCT_BUNDLE_IDENTIFIER = SK.Scorekeeper;
				PRODUCT_NAME = "$(TARGET_NAME)";
				SWIFT_VERSION = 3.0;
			};
			name = Release;
		};
		F0541C771E33B3B2004E0FBB /* Debug */ = {
			isa = XCBuildConfiguration;
			buildSettings = {
				ALWAYS_EMBED_SWIFT_STANDARD_LIBRARIES = YES;
				BUNDLE_LOADER = "$(TEST_HOST)";
				INFOPLIST_FILE = ScorekeeperTests/Info.plist;
				LD_RUNPATH_SEARCH_PATHS = "$(inherited) @executable_path/Frameworks @loader_path/Frameworks";
				PRODUCT_BUNDLE_IDENTIFIER = SK.ScorekeeperTests;
				PRODUCT_NAME = "$(TARGET_NAME)";
				SWIFT_VERSION = 3.0;
				TEST_HOST = "$(BUILT_PRODUCTS_DIR)/Scorekeeper.app/Scorekeeper";
			};
			name = Debug;
		};
		F0541C781E33B3B2004E0FBB /* Release */ = {
			isa = XCBuildConfiguration;
			buildSettings = {
				ALWAYS_EMBED_SWIFT_STANDARD_LIBRARIES = YES;
				BUNDLE_LOADER = "$(TEST_HOST)";
				INFOPLIST_FILE = ScorekeeperTests/Info.plist;
				LD_RUNPATH_SEARCH_PATHS = "$(inherited) @executable_path/Frameworks @loader_path/Frameworks";
				PRODUCT_BUNDLE_IDENTIFIER = SK.ScorekeeperTests;
				PRODUCT_NAME = "$(TARGET_NAME)";
				SWIFT_VERSION = 3.0;
				TEST_HOST = "$(BUILT_PRODUCTS_DIR)/Scorekeeper.app/Scorekeeper";
			};
			name = Release;
		};
		F0541C7A1E33B3B2004E0FBB /* Debug */ = {
			isa = XCBuildConfiguration;
			buildSettings = {
				ALWAYS_EMBED_SWIFT_STANDARD_LIBRARIES = YES;
				INFOPLIST_FILE = ScorekeeperUITests/Info.plist;
				LD_RUNPATH_SEARCH_PATHS = "$(inherited) @executable_path/Frameworks @loader_path/Frameworks";
				PRODUCT_BUNDLE_IDENTIFIER = SK.ScorekeeperUITests;
				PRODUCT_NAME = "$(TARGET_NAME)";
				SWIFT_VERSION = 3.0;
				TEST_TARGET_NAME = Scorekeeper;
			};
			name = Debug;
		};
		F0541C7B1E33B3B2004E0FBB /* Release */ = {
			isa = XCBuildConfiguration;
			buildSettings = {
				ALWAYS_EMBED_SWIFT_STANDARD_LIBRARIES = YES;
				INFOPLIST_FILE = ScorekeeperUITests/Info.plist;
				LD_RUNPATH_SEARCH_PATHS = "$(inherited) @executable_path/Frameworks @loader_path/Frameworks";
				PRODUCT_BUNDLE_IDENTIFIER = SK.ScorekeeperUITests;
				PRODUCT_NAME = "$(TARGET_NAME)";
				SWIFT_VERSION = 3.0;
				TEST_TARGET_NAME = Scorekeeper;
			};
			name = Release;
		};
/* End XCBuildConfiguration section */

/* Begin XCConfigurationList section */
		F0541C461E33B3B1004E0FBB /* Build configuration list for PBXProject "Scorekeeper" */ = {
			isa = XCConfigurationList;
			buildConfigurations = (
				F0541C711E33B3B2004E0FBB /* Debug */,
				F0541C721E33B3B2004E0FBB /* Release */,
			);
			defaultConfigurationIsVisible = 0;
			defaultConfigurationName = Release;
		};
		F0541C731E33B3B2004E0FBB /* Build configuration list for PBXNativeTarget "Scorekeeper" */ = {
			isa = XCConfigurationList;
			buildConfigurations = (
				F0541C741E33B3B2004E0FBB /* Debug */,
				F0541C751E33B3B2004E0FBB /* Release */,
			);
			defaultConfigurationIsVisible = 0;
		};
		F0541C761E33B3B2004E0FBB /* Build configuration list for PBXNativeTarget "ScorekeeperTests" */ = {
			isa = XCConfigurationList;
			buildConfigurations = (
				F0541C771E33B3B2004E0FBB /* Debug */,
				F0541C781E33B3B2004E0FBB /* Release */,
			);
			defaultConfigurationIsVisible = 0;
		};
		F0541C791E33B3B2004E0FBB /* Build configuration list for PBXNativeTarget "ScorekeeperUITests" */ = {
			isa = XCConfigurationList;
			buildConfigurations = (
				F0541C7A1E33B3B2004E0FBB /* Debug */,
				F0541C7B1E33B3B2004E0FBB /* Release */,
			);
			defaultConfigurationIsVisible = 0;
		};
/* End XCConfigurationList section */
	};
	rootObject = F0541C431E33B3B1004E0FBB /* Project object */;
}
